{
  "pins" : [
    {
      "identity" : "texturemap",
      "kind" : "remoteSourceControl",
      "location" : "https://github.com/heestand-xyz/TextureMap",
      "state" : {
        "revision" : "382dd6592132461b5cebdee6c3959ccf37050de9",
        "version" : "0.2.2"
      }
    }
  ],
  "version" : 2
}
