{
  "pins" : [
    {
      "identity" : "texturemap",
      "kind" : "remoteSourceControl",
      "location" : "https://github.com/heestand-xyz/TextureMap",
      "state" : {
        "revision" : "873e426f5b63d80c0d548e5e05d222d23de4ad8c",
        "version" : "0.2.0"
      }
    }
  ],
  "version" : 2
}
