{
  "pins" : [
    {
      "identity" : "coregraphicsextensions",
      "kind" : "remoteSourceControl",
      "location" : "https://github.com/heestand-xyz/CoreGraphicsExtensions",
      "state" : {
        "revision" : "34e70314766f591d12fee1aa3ff90268fe609440",
        "version" : "1.3.0"
      }
    },
    {
      "identity" : "pixelcolor",
      "kind" : "remoteSourceControl",
      "location" : "https://github.com/heestand-xyz/PixelColor",
      "state" : {
        "revision" : "04d2444fc288edc5fa5cbfd85bbbc9128b63e6db",
        "version" : "1.3.4"
      }
    },
    {
      "identity" : "swift-argument-parser",
      "kind" : "remoteSourceControl",
      "location" : "https://github.com/apple/swift-argument-parser",
      "state" : {
        "revision" : "6b2aa2748a7881eebb9f84fb10c01293e15b52ca",
        "version" : "0.5.0"
      }
    },
    {
      "identity" : "texturemap",
      "kind" : "remoteSourceControl",
      "location" : "https://github.com/heestand-xyz/TextureMap",
      "state" : {
        "revision" : "8403af7587d3fc315c7b6b7893652e1905905e8b",
        "version" : "0.4.0"
      }
    },
    {
      "identity" : "videoframes",
      "kind" : "remoteSourceControl",
      "location" : "https://github.com/heestand-xyz/VideoFrames",
      "state" : {
        "revision" : "f75198bdc38713f3b2d4d742e9084f6c1855e245",
        "version" : "0.2.0"
      }
    }
  ],
  "version" : 2
}
