{
  "object": {
    "pins": [
      {
        "package": "CoreGraphicsExtensions",
        "repositoryURL": "https://github.com/heestand-xyz/CoreGraphicsExtensions",
        "state": {
          "branch": null,
          "revision": "a40dc230306daacb410f9a2f36f63a811ea2e88e",
          "version": "1.2.1"
        }
      },
      {
        "package": "Logger",
        "repositoryURL": "https://github.com/heestand-xyz/Logger",
        "state": {
          "branch": null,
          "revision": "2e6f1a07852a0107f9d63d042d41a7a108ad0b7f",
          "version": "0.2.1"
        }
      },
      {
        "package": "swift-collections",
        "repositoryURL": "https://github.com/apple/swift-collections",
        "state": {
          "branch": null,
          "revision": "48254824bb4248676bf7ce56014ff57b142b77eb",
          "version": "1.0.2"
        }
      }
    ]
  },
  "version": 1
}
